// !$*UTF8*$!
{
	archiveVersion = 1;
	classes = {
	};
	objectVersion = 55;
	objects = {

/* Begin PBXBuildFile section */
		5790959E28D0DAEE00306A92 /* AppDelegate.swift in Sources */ = {isa = PBXBuildFile; fileRef = 5790959D28D0DAEE00306A92 /* AppDelegate.swift */; };
		579095A028D0DAEE00306A92 /* SceneDelegate.swift in Sources */ = {isa = PBXBuildFile; fileRef = 5790959F28D0DAEE00306A92 /* SceneDelegate.swift */; };
		579095A528D0DAEE00306A92 /* Main.storyboard in Resources */ = {isa = PBXBuildFile; fileRef = 579095A328D0DAEE00306A92 /* Main.storyboard */; };
		579095A728D0DAF000306A92 /* Assets.xcassets in Resources */ = {isa = PBXBuildFile; fileRef = 579095A628D0DAF000306A92 /* Assets.xcassets */; };
		579095AA28D0DAF000306A92 /* LaunchScreen.storyboard in Resources */ = {isa = PBXBuildFile; fileRef = 579095A828D0DAF000306A92 /* LaunchScreen.storyboard */; };
		579095B728D0E04600306A92 /* TasksListsTVC.swift in Sources */ = {isa = PBXBuildFile; fileRef = 579095B628D0E04600306A92 /* TasksListsTVC.swift */; };
		579095B928D0E07E00306A92 /* TasksTVC.swift in Sources */ = {isa = PBXBuildFile; fileRef = 579095B828D0E07E00306A92 /* TasksTVC.swift */; };
		579095BB28D0E10000306A92 /* TasksList.swift in Sources */ = {isa = PBXBuildFile; fileRef = 579095BA28D0E10000306A92 /* TasksList.swift */; };
		579095BD28D0E11700306A92 /* Task.swift in Sources */ = {isa = PBXBuildFile; fileRef = 579095BC28D0E11700306A92 /* Task.swift */; };
		579095C028D0E64300306A92 /* Realm in Frameworks */ = {isa = PBXBuildFile; productRef = 579095BF28D0E64300306A92 /* Realm */; };
		579095C228D0E64300306A92 /* RealmSwift in Frameworks */ = {isa = PBXBuildFile; productRef = 579095C128D0E64300306A92 /* RealmSwift */; };
		579095C428D0F50700306A92 /* StorageManager.swift in Sources */ = {isa = PBXBuildFile; fileRef = 579095C328D0F50700306A92 /* StorageManager.swift */; };
/* End PBXBuildFile section */

/* Begin PBXFileReference section */
		5790959A28D0DAEE00306A92 /* RealmApp.app */ = {isa = PBXFileReference; explicitFileType = wrapper.application; includeInIndex = 0; path = RealmApp.app; sourceTree = BUILT_PRODUCTS_DIR; };
		5790959D28D0DAEE00306A92 /* AppDelegate.swift */ = {isa = PBXFileReference; lastKnownFileType = sourcecode.swift; path = AppDelegate.swift; sourceTree = "<group>"; };
		5790959F28D0DAEE00306A92 /* SceneDelegate.swift */ = {isa = PBXFileReference; lastKnownFileType = sourcecode.swift; path = SceneDelegate.swift; sourceTree = "<group>"; };
		579095A428D0DAEE00306A92 /* Base */ = {isa = PBXFileReference; lastKnownFileType = file.storyboard; name = Base; path = Base.lproj/Main.storyboard; sourceTree = "<group>"; };
		579095A628D0DAF000306A92 /* Assets.xcassets */ = {isa = PBXFileReference; lastKnownFileType = folder.assetcatalog; path = Assets.xcassets; sourceTree = "<group>"; };
		579095A928D0DAF000306A92 /* Base */ = {isa = PBXFileReference; lastKnownFileType = file.storyboard; name = Base; path = Base.lproj/LaunchScreen.storyboard; sourceTree = "<group>"; };
		579095AB28D0DAF000306A92 /* Info.plist */ = {isa = PBXFileReference; lastKnownFileType = text.plist.xml; path = Info.plist; sourceTree = "<group>"; };
		579095B628D0E04600306A92 /* TasksListsTVC.swift */ = {isa = PBXFileReference; lastKnownFileType = sourcecode.swift; path = TasksListsTVC.swift; sourceTree = "<group>"; };
		579095B828D0E07E00306A92 /* TasksTVC.swift */ = {isa = PBXFileReference; lastKnownFileType = sourcecode.swift; path = TasksTVC.swift; sourceTree = "<group>"; };
		579095BA28D0E10000306A92 /* TasksList.swift */ = {isa = PBXFileReference; lastKnownFileType = sourcecode.swift; path = TasksList.swift; sourceTree = "<group>"; };
		579095BC28D0E11700306A92 /* Task.swift */ = {isa = PBXFileReference; lastKnownFileType = sourcecode.swift; path = Task.swift; sourceTree = "<group>"; };
		579095C328D0F50700306A92 /* StorageManager.swift */ = {isa = PBXFileReference; lastKnownFileType = sourcecode.swift; path = StorageManager.swift; sourceTree = "<group>"; };
/* End PBXFileReference section */

/* Begin PBXFrameworksBuildPhase section */
		5790959728D0DAEE00306A92 /* Frameworks */ = {
			isa = PBXFrameworksBuildPhase;
			buildActionMask = 2147483647;
			files = (
				579095C228D0E64300306A92 /* RealmSwift in Frameworks */,
				579095C028D0E64300306A92 /* Realm in Frameworks */,
			);
			runOnlyForDeploymentPostprocessing = 0;
		};
/* End PBXFrameworksBuildPhase section */

/* Begin PBXGroup section */
		5790959128D0DAEE00306A92 = {
			isa = PBXGroup;
			children = (
				5790959C28D0DAEE00306A92 /* RealmApp */,
				5790959B28D0DAEE00306A92 /* Products */,
			);
			sourceTree = "<group>";
		};
		5790959B28D0DAEE00306A92 /* Products */ = {
			isa = PBXGroup;
			children = (
				5790959A28D0DAEE00306A92 /* RealmApp.app */,
			);
			name = Products;
			sourceTree = "<group>";
		};
		5790959C28D0DAEE00306A92 /* RealmApp */ = {
			isa = PBXGroup;
			children = (
				579095B528D0DE5C00306A92 /* Models */,
				579095B328D0DE2400306A92 /* Managers */,
				579095B428D0DE3300306A92 /* Extensions */,
				579095B228D0DE0B00306A92 /* Controllers */,
				579095A328D0DAEE00306A92 /* Main.storyboard */,
				579095A628D0DAF000306A92 /* Assets.xcassets */,
				579095B128D0DDBF00306A92 /* Delegate */,
				579095A828D0DAF000306A92 /* LaunchScreen.storyboard */,
				579095AB28D0DAF000306A92 /* Info.plist */,
			);
			path = RealmApp;
			sourceTree = "<group>";
		};
		579095B128D0DDBF00306A92 /* Delegate */ = {
			isa = PBXGroup;
			children = (
				5790959D28D0DAEE00306A92 /* AppDelegate.swift */,
				5790959F28D0DAEE00306A92 /* SceneDelegate.swift */,
			);
			path = Delegate;
			sourceTree = "<group>";
		};
		579095B228D0DE0B00306A92 /* Controllers */ = {
			isa = PBXGroup;
			children = (
				579095B628D0E04600306A92 /* TasksListsTVC.swift */,
				579095B828D0E07E00306A92 /* TasksTVC.swift */,
			);
			path = Controllers;
			sourceTree = "<group>";
		};
		579095B328D0DE2400306A92 /* Managers */ = {
			isa = PBXGroup;
			children = (
				579095C328D0F50700306A92 /* StorageManager.swift */,
			);
			path = Managers;
			sourceTree = "<group>";
		};
		579095B428D0DE3300306A92 /* Extensions */ = {
			isa = PBXGroup;
			children = (
			);
			path = Extensions;
			sourceTree = "<group>";
		};
		579095B528D0DE5C00306A92 /* Models */ = {
			isa = PBXGroup;
			children = (
				579095BA28D0E10000306A92 /* TasksList.swift */,
				579095BC28D0E11700306A92 /* Task.swift */,
			);
			path = Models;
			sourceTree = "<group>";
		};
/* End PBXGroup section */

/* Begin PBXNativeTarget section */
		5790959928D0DAEE00306A92 /* RealmApp */ = {
			isa = PBXNativeTarget;
			buildConfigurationList = 579095AE28D0DAF000306A92 /* Build configuration list for PBXNativeTarget "RealmApp" */;
			buildPhases = (
				5790959628D0DAEE00306A92 /* Sources */,
				5790959728D0DAEE00306A92 /* Frameworks */,
				5790959828D0DAEE00306A92 /* Resources */,
			);
			buildRules = (
			);
			dependencies = (
			);
			name = RealmApp;
			packageProductDependencies = (
				579095BF28D0E64300306A92 /* Realm */,
				579095C128D0E64300306A92 /* RealmSwift */,
			);
			productName = RealmApp;
			productReference = 5790959A28D0DAEE00306A92 /* RealmApp.app */;
			productType = "com.apple.product-type.application";
		};
/* End PBXNativeTarget section */

/* Begin PBXProject section */
		5790959228D0DAEE00306A92 /* Project object */ = {
			isa = PBXProject;
			attributes = {
				BuildIndependentTargetsInParallel = 1;
				LastSwiftUpdateCheck = 1340;
				LastUpgradeCheck = 1340;
				TargetAttributes = {
					5790959928D0DAEE00306A92 = {
						CreatedOnToolsVersion = 13.4.1;
					};
				};
			};
			buildConfigurationList = 5790959528D0DAEE00306A92 /* Build configuration list for PBXProject "RealmApp" */;
			compatibilityVersion = "Xcode 13.0";
			developmentRegion = en;
			hasScannedForEncodings = 0;
			knownRegions = (
				en,
				Base,
			);
			mainGroup = 5790959128D0DAEE00306A92;
			packageReferences = (
				579095BE28D0E64300306A92 /* XCRemoteSwiftPackageReference "realm-swift" */,
			);
			productRefGroup = 5790959B28D0DAEE00306A92 /* Products */;
			projectDirPath = "";
			projectRoot = "";
			targets = (
				5790959928D0DAEE00306A92 /* RealmApp */,
			);
		};
/* End PBXProject section */

/* Begin PBXResourcesBuildPhase section */
		5790959828D0DAEE00306A92 /* Resources */ = {
			isa = PBXResourcesBuildPhase;
			buildActionMask = 2147483647;
			files = (
				579095AA28D0DAF000306A92 /* LaunchScreen.storyboard in Resources */,
				579095A728D0DAF000306A92 /* Assets.xcassets in Resources */,
				579095A528D0DAEE00306A92 /* Main.storyboard in Resources */,
			);
			runOnlyForDeploymentPostprocessing = 0;
		};
/* End PBXResourcesBuildPhase section */

/* Begin PBXSourcesBuildPhase section */
		5790959628D0DAEE00306A92 /* Sources */ = {
			isa = PBXSourcesBuildPhase;
			buildActionMask = 2147483647;
			files = (
				579095B928D0E07E00306A92 /* TasksTVC.swift in Sources */,
				5790959E28D0DAEE00306A92 /* AppDelegate.swift in Sources */,
				579095BB28D0E10000306A92 /* TasksList.swift in Sources */,
				579095C428D0F50700306A92 /* StorageManager.swift in Sources */,
				579095B728D0E04600306A92 /* TasksListsTVC.swift in Sources */,
				579095BD28D0E11700306A92 /* Task.swift in Sources */,
				579095A028D0DAEE00306A92 /* SceneDelegate.swift in Sources */,
			);
			runOnlyForDeploymentPostprocessing = 0;
		};
/* End PBXSourcesBuildPhase section */

/* Begin PBXVariantGroup section */
		579095A328D0DAEE00306A92 /* Main.storyboard */ = {
			isa = PBXVariantGroup;
			children = (
				579095A428D0DAEE00306A92 /* Base */,
			);
			name = Main.storyboard;
			sourceTree = "<group>";
		};
		579095A828D0DAF000306A92 /* LaunchScreen.storyboard */ = {
			isa = PBXVariantGroup;
			children = (
				579095A928D0DAF000306A92 /* Base */,
			);
			name = LaunchScreen.storyboard;
			sourceTree = "<group>";
		};
/* End PBXVariantGroup section */

/* Begin XCBuildConfiguration section */
		579095AC28D0DAF000306A92 /* Debug */ = {
			isa = XCBuildConfiguration;
			buildSettings = {
				ALWAYS_SEARCH_USER_PATHS = NO;
				CLANG_ANALYZER_NONNULL = YES;
				CLANG_ANALYZER_NUMBER_OBJECT_CONVERSION = YES_AGGRESSIVE;
				CLANG_CXX_LANGUAGE_STANDARD = "gnu++17";
				CLANG_ENABLE_MODULES = YES;
				CLANG_ENABLE_OBJC_ARC = YES;
				CLANG_ENABLE_OBJC_WEAK = YES;
				CLANG_WARN_BLOCK_CAPTURE_AUTORELEASING = YES;
				CLANG_WARN_BOOL_CONVERSION = YES;
				CLANG_WARN_COMMA = YES;
				CLANG_WARN_CONSTANT_CONVERSION = YES;
				CLANG_WARN_DEPRECATED_OBJC_IMPLEMENTATIONS = YES;
				CLANG_WARN_DIRECT_OBJC_ISA_USAGE = YES_ERROR;
				CLANG_WARN_DOCUMENTATION_COMMENTS = YES;
				CLANG_WARN_EMPTY_BODY = YES;
				CLANG_WARN_ENUM_CONVERSION = YES;
				CLANG_WARN_INFINITE_RECURSION = YES;
				CLANG_WARN_INT_CONVERSION = YES;
				CLANG_WARN_NON_LITERAL_NULL_CONVERSION = YES;
				CLANG_WARN_OBJC_IMPLICIT_RETAIN_SELF = YES;
				CLANG_WARN_OBJC_LITERAL_CONVERSION = YES;
				CLANG_WARN_OBJC_ROOT_CLASS = YES_ERROR;
				CLANG_WARN_QUOTED_INCLUDE_IN_FRAMEWORK_HEADER = YES;
				CLANG_WARN_RANGE_LOOP_ANALYSIS = YES;
				CLANG_WARN_STRICT_PROTOTYPES = YES;
				CLANG_WARN_SUSPICIOUS_MOVE = YES;
				CLANG_WARN_UNGUARDED_AVAILABILITY = YES_AGGRESSIVE;
				CLANG_WARN_UNREACHABLE_CODE = YES;
				CLANG_WARN__DUPLICATE_METHOD_MATCH = YES;
				COPY_PHASE_STRIP = NO;
				DEBUG_INFORMATION_FORMAT = dwarf;
				ENABLE_STRICT_OBJC_MSGSEND = YES;
				ENABLE_TESTABILITY = YES;
				GCC_C_LANGUAGE_STANDARD = gnu11;
				GCC_DYNAMIC_NO_PIC = NO;
				GCC_NO_COMMON_BLOCKS = YES;
				GCC_OPTIMIZATION_LEVEL = 0;
				GCC_PREPROCESSOR_DEFINITIONS = (
					"DEBUG=1",
					"$(inherited)",
				);
				GCC_WARN_64_TO_32_BIT_CONVERSION = YES;
				GCC_WARN_ABOUT_RETURN_TYPE = YES_ERROR;
				GCC_WARN_UNDECLARED_SELECTOR = YES;
				GCC_WARN_UNINITIALIZED_AUTOS = YES_AGGRESSIVE;
				GCC_WARN_UNUSED_FUNCTION = YES;
				GCC_WARN_UNUSED_VARIABLE = YES;
				IPHONEOS_DEPLOYMENT_TARGET = 15.5;
				MTL_ENABLE_DEBUG_INFO = INCLUDE_SOURCE;
				MTL_FAST_MATH = YES;
				ONLY_ACTIVE_ARCH = YES;
				SDKROOT = iphoneos;
				SWIFT_ACTIVE_COMPILATION_CONDITIONS = DEBUG;
				SWIFT_OPTIMIZATION_LEVEL = "-Onone";
			};
			name = Debug;
		};
		579095AD28D0DAF000306A92 /* Release */ = {
			isa = XCBuildConfiguration;
			buildSettings = {
				ALWAYS_SEARCH_USER_PATHS = NO;
				CLANG_ANALYZER_NONNULL = YES;
				CLANG_ANALYZER_NUMBER_OBJECT_CONVERSION = YES_AGGRESSIVE;
				CLANG_CXX_LANGUAGE_STANDARD = "gnu++17";
				CLANG_ENABLE_MODULES = YES;
				CLANG_ENABLE_OBJC_ARC = YES;
				CLANG_ENABLE_OBJC_WEAK = YES;
				CLANG_WARN_BLOCK_CAPTURE_AUTORELEASING = YES;
				CLANG_WARN_BOOL_CONVERSION = YES;
				CLANG_WARN_COMMA = YES;
				CLANG_WARN_CONSTANT_CONVERSION = YES;
				CLANG_WARN_DEPRECATED_OBJC_IMPLEMENTATIONS = YES;
				CLANG_WARN_DIRECT_OBJC_ISA_USAGE = YES_ERROR;
				CLANG_WARN_DOCUMENTATION_COMMENTS = YES;
				CLANG_WARN_EMPTY_BODY = YES;
				CLANG_WARN_ENUM_CONVERSION = YES;
				CLANG_WARN_INFINITE_RECURSION = YES;
				CLANG_WARN_INT_CONVERSION = YES;
				CLANG_WARN_NON_LITERAL_NULL_CONVERSION = YES;
				CLANG_WARN_OBJC_IMPLICIT_RETAIN_SELF = YES;
				CLANG_WARN_OBJC_LITERAL_CONVERSION = YES;
				CLANG_WARN_OBJC_ROOT_CLASS = YES_ERROR;
				CLANG_WARN_QUOTED_INCLUDE_IN_FRAMEWORK_HEADER = YES;
				CLANG_WARN_RANGE_LOOP_ANALYSIS = YES;
				CLANG_WARN_STRICT_PROTOTYPES = YES;
				CLANG_WARN_SUSPICIOUS_MOVE = YES;
				CLANG_WARN_UNGUARDED_AVAILABILITY = YES_AGGRESSIVE;
				CLANG_WARN_UNREACHABLE_CODE = YES;
				CLANG_WARN__DUPLICATE_METHOD_MATCH = YES;
				COPY_PHASE_STRIP = NO;
				DEBUG_INFORMATION_FORMAT = "dwarf-with-dsym";
				ENABLE_NS_ASSERTIONS = NO;
				ENABLE_STRICT_OBJC_MSGSEND = YES;
				GCC_C_LANGUAGE_STANDARD = gnu11;
				GCC_NO_COMMON_BLOCKS = YES;
				GCC_WARN_64_TO_32_BIT_CONVERSION = YES;
				GCC_WARN_ABOUT_RETURN_TYPE = YES_ERROR;
				GCC_WARN_UNDECLARED_SELECTOR = YES;
				GCC_WARN_UNINITIALIZED_AUTOS = YES_AGGRESSIVE;
				GCC_WARN_UNUSED_FUNCTION = YES;
				GCC_WARN_UNUSED_VARIABLE = YES;
				IPHONEOS_DEPLOYMENT_TARGET = 15.5;
				MTL_ENABLE_DEBUG_INFO = NO;
				MTL_FAST_MATH = YES;
				SDKROOT = iphoneos;
				SWIFT_COMPILATION_MODE = wholemodule;
				SWIFT_OPTIMIZATION_LEVEL = "-O";
				VALIDATE_PRODUCT = YES;
			};
			name = Release;
		};
		579095AF28D0DAF000306A92 /* Debug */ = {
			isa = XCBuildConfiguration;
			buildSettings = {
				ASSETCATALOG_COMPILER_APPICON_NAME = AppIcon;
				ASSETCATALOG_COMPILER_GLOBAL_ACCENT_COLOR_NAME = AccentColor;
				CODE_SIGN_STYLE = Automatic;
				CURRENT_PROJECT_VERSION = 1;
				DEVELOPMENT_TEAM = C5CQ94WWT6;
				GENERATE_INFOPLIST_FILE = YES;
				INFOPLIST_FILE = RealmApp/Info.plist;
				INFOPLIST_KEY_UIApplicationSupportsIndirectInputEvents = YES;
				INFOPLIST_KEY_UILaunchStoryboardName = LaunchScreen;
				INFOPLIST_KEY_UIMainStoryboardFile = Main;
				INFOPLIST_KEY_UISupportedInterfaceOrientations_iPad = "UIInterfaceOrientationPortrait UIInterfaceOrientationPortraitUpsideDown UIInterfaceOrientationLandscapeLeft UIInterfaceOrientationLandscapeRight";
				INFOPLIST_KEY_UISupportedInterfaceOrientations_iPhone = "UIInterfaceOrientationPortrait UIInterfaceOrientationLandscapeLeft UIInterfaceOrientationLandscapeRight";
				LD_RUNPATH_SEARCH_PATHS = (
					"$(inherited)",
					"@executable_path/Frameworks",
				);
				MARKETING_VERSION = 1.0;
				PRODUCT_BUNDLE_IDENTIFIER = test.RealmApp;
				PRODUCT_NAME = "$(TARGET_NAME)";
				SWIFT_EMIT_LOC_STRINGS = YES;
				SWIFT_VERSION = 5.0;
				TARGETED_DEVICE_FAMILY = "1,2";
			};
			name = Debug;
		};
		579095B028D0DAF000306A92 /* Release */ = {
			isa = XCBuildConfiguration;
			buildSettings = {
				ASSETCATALOG_COMPILER_APPICON_NAME = AppIcon;
				ASSETCATALOG_COMPILER_GLOBAL_ACCENT_COLOR_NAME = AccentColor;
				CODE_SIGN_STYLE = Automatic;
				CURRENT_PROJECT_VERSION = 1;
				DEVELOPMENT_TEAM = C5CQ94WWT6;
				GENERATE_INFOPLIST_FILE = YES;
				INFOPLIST_FILE = RealmApp/Info.plist;
				INFOPLIST_KEY_UIApplicationSupportsIndirectInputEvents = YES;
				INFOPLIST_KEY_UILaunchStoryboardName = LaunchScreen;
				INFOPLIST_KEY_UIMainStoryboardFile = Main;
				INFOPLIST_KEY_UISupportedInterfaceOrientations_iPad = "UIInterfaceOrientationPortrait UIInterfaceOrientationPortraitUpsideDown UIInterfaceOrientationLandscapeLeft UIInterfaceOrientationLandscapeRight";
				INFOPLIST_KEY_UISupportedInterfaceOrientations_iPhone = "UIInterfaceOrientationPortrait UIInterfaceOrientationLandscapeLeft UIInterfaceOrientationLandscapeRight";
				LD_RUNPATH_SEARCH_PATHS = (
					"$(inherited)",
					"@executable_path/Frameworks",
				);
				MARKETING_VERSION = 1.0;
				PRODUCT_BUNDLE_IDENTIFIER = test.RealmApp;
				PRODUCT_NAME = "$(TARGET_NAME)";
				SWIFT_EMIT_LOC_STRINGS = YES;
				SWIFT_VERSION = 5.0;
				TARGETED_DEVICE_FAMILY = "1,2";
			};
			name = Release;
		};
/* End XCBuildConfiguration section */

/* Begin XCConfigurationList section */
		5790959528D0DAEE00306A92 /* Build configuration list for PBXProject "RealmApp" */ = {
			isa = XCConfigurationList;
			buildConfigurations = (
				579095AC28D0DAF000306A92 /* Debug */,
				579095AD28D0DAF000306A92 /* Release */,
			);
			defaultConfigurationIsVisible = 0;
			defaultConfigurationName = Release;
		};
		579095AE28D0DAF000306A92 /* Build configuration list for PBXNativeTarget "RealmApp" */ = {
			isa = XCConfigurationList;
			buildConfigurations = (
				579095AF28D0DAF000306A92 /* Debug */,
				579095B028D0DAF000306A92 /* Release */,
			);
			defaultConfigurationIsVisible = 0;
			defaultConfigurationName = Release;
		};
/* End XCConfigurationList section */

/* Begin XCRemoteSwiftPackageReference section */
		579095BE28D0E64300306A92 /* XCRemoteSwiftPackageReference "realm-swift" */ = {
			isa = XCRemoteSwiftPackageReference;
			repositoryURL = "https://github.com/realm/realm-swift.git";
			requirement = {
				kind = upToNextMajorVersion;
				minimumVersion = 10.29.0;
			};
		};
/* End XCRemoteSwiftPackageReference section */

/* Begin XCSwiftPackageProductDependency section */
		579095BF28D0E64300306A92 /* Realm */ = {
			isa = XCSwiftPackageProductDependency;
			package = 579095BE28D0E64300306A92 /* XCRemoteSwiftPackageReference "realm-swift" */;
			productName = Realm;
		};
		579095C128D0E64300306A92 /* RealmSwift */ = {
			isa = XCSwiftPackageProductDependency;
			package = 579095BE28D0E64300306A92 /* XCRemoteSwiftPackageReference "realm-swift" */;
			productName = RealmSwift;
		};
/* End XCSwiftPackageProductDependency section */
	};
	rootObject = 5790959228D0DAEE00306A92 /* Project object */;
}
